
Microsoft Visual Studio Solution File, Format Version 12.00
# Visual Studio Version 17
VisualStudioVersion = 17.4.33403.182
MinimumVisualStudioVersion = 10.0.40219.1
Project("{FAE04EC0-301F-11D3-BF4B-00C04F79EFBC}") = "MagicVilla_villaAPI", "MagicVilla_villaAPI\MagicVilla_villaAPI.csproj", "{A60DE26F-4859-48AF-A345-8FD1AD2028A2}"
EndProject
Global
	GlobalSection(SolutionConfigurationPlatforms) = preSolution
		Debug|Any CPU = Debug|Any CPU
		Release|Any CPU = Release|Any CPU
	EndGlobalSection
	GlobalSection(ProjectConfigurationPlatforms) = postSolution
		{A60DE26F-4859-48AF-A345-8FD1AD2028A2}.Debug|Any CPU.ActiveCfg = Debug|Any CPU
		{A60DE26F-4859-48AF-A345-8FD1AD2028A2}.Debug|Any CPU.Build.0 = Debug|Any CPU
		{A60DE26F-4859-48AF-A345-8FD1AD2028A2}.Release|Any CPU.ActiveCfg = Release|Any CPU
		{A60DE26F-4859-48AF-A345-8FD1AD2028A2}.Release|Any CPU.Build.0 = Release|Any CPU
	EndGlobalSection
	GlobalSection(SolutionProperties) = preSolution
		HideSolutionNode = FALSE
	EndGlobalSection
	GlobalSection(ExtensibilityGlobals) = postSolution
		SolutionGuid = {E219F599-B937-4660-89DF-38F974403A21}
	EndGlobalSection
EndGlobal
